
Microsoft Visual Studio Solution File, Format Version 12.00
# Visual Studio Version 17
VisualStudioVersion = 17.4.33213.308
MinimumVisualStudioVersion = 10.0.40219.1
Project("{9A19103F-16F7-4668-BE54-9A1E7A4F7556}") = "NetCoreAPI.WebAPI", "NetCoreAPI.WebAPI\NetCoreAPI.WebAPI.csproj", "{4FB1EF90-9DE6-4178-95FE-C6843D29FA4E}"
EndProject
Project("{FAE04EC0-301F-11D3-BF4B-00C04F79EFBC}") = "NetCoreAPI.Entities", "NetCoreAPI.Entities\NetCoreAPI.Entities.csproj", "{E7F0E9CC-0951-44CA-ABC7-F361E9EDDCDF}"
EndProject
Project("{FAE04EC0-301F-11D3-BF4B-00C04F79EFBC}") = "NetCoreAPI.DataAccess", "NetCoreAPI.DataAccess\NetCoreAPI.DataAccess.csproj", "{87552DD2-F481-4BDA-B2EE-16D0D4B92A04}"
EndProject
Global
	GlobalSection(SolutionConfigurationPlatforms) = preSolution
		Debug|Any CPU = Debug|Any CPU
		Release|Any CPU = Release|Any CPU
	EndGlobalSection
	GlobalSection(ProjectConfigurationPlatforms) = postSolution
		{4FB1EF90-9DE6-4178-95FE-C6843D29FA4E}.Debug|Any CPU.ActiveCfg = Debug|Any CPU
		{4FB1EF90-9DE6-4178-95FE-C6843D29FA4E}.Debug|Any CPU.Build.0 = Debug|Any CPU
		{4FB1EF90-9DE6-4178-95FE-C6843D29FA4E}.Release|Any CPU.ActiveCfg = Release|Any CPU
		{4FB1EF90-9DE6-4178-95FE-C6843D29FA4E}.Release|Any CPU.Build.0 = Release|Any CPU
		{E7F0E9CC-0951-44CA-ABC7-F361E9EDDCDF}.Debug|Any CPU.ActiveCfg = Debug|Any CPU
		{E7F0E9CC-0951-44CA-ABC7-F361E9EDDCDF}.Debug|Any CPU.Build.0 = Debug|Any CPU
		{E7F0E9CC-0951-44CA-ABC7-F361E9EDDCDF}.Release|Any CPU.ActiveCfg = Release|Any CPU
		{E7F0E9CC-0951-44CA-ABC7-F361E9EDDCDF}.Release|Any CPU.Build.0 = Release|Any CPU
		{87552DD2-F481-4BDA-B2EE-16D0D4B92A04}.Debug|Any CPU.ActiveCfg = Debug|Any CPU
		{87552DD2-F481-4BDA-B2EE-16D0D4B92A04}.Debug|Any CPU.Build.0 = Debug|Any CPU
		{87552DD2-F481-4BDA-B2EE-16D0D4B92A04}.Release|Any CPU.ActiveCfg = Release|Any CPU
		{87552DD2-F481-4BDA-B2EE-16D0D4B92A04}.Release|Any CPU.Build.0 = Release|Any CPU
	EndGlobalSection
	GlobalSection(SolutionProperties) = preSolution
		HideSolutionNode = FALSE
	EndGlobalSection
	GlobalSection(ExtensibilityGlobals) = postSolution
		SolutionGuid = {2B697774-0FCA-4EAC-9CB8-8B6B0CA1C759}
	EndGlobalSection
EndGlobal
